
Microsoft Visual Studio Solution File, Format Version 12.00
# Visual Studio Version 17
VisualStudioVersion = 17.4.33205.214
MinimumVisualStudioVersion = 10.0.40219.1
Project("{2150E333-8FDC-42A3-9474-1A3956D46DE8}") = "src", "src", "{F844247A-E5E8-4BB5-BB11-116786B6116E}"
EndProject
Project("{2150E333-8FDC-42A3-9474-1A3956D46DE8}") = "test", "test", "{99E93EBD-36F0-4A6F-A607-C392DCE3CE1C}"
EndProject
Project("{9A19103F-16F7-4668-BE54-9A1E7A4F7556}") = "TwistFood.DataAccess", "src\TwistFood.DataAccess\TwistFood.DataAccess.csproj", "{C987004F-B13E-4B84-8E79-794A84912D7F}"
EndProject
Project("{9A19103F-16F7-4668-BE54-9A1E7A4F7556}") = "TwistFood.Domain", "src\TwistFood.Domain\TwistFood.Domain.csproj", "{D9A886D4-6362-445B-875F-0D8EC0A15D33}"
EndProject
Project("{9A19103F-16F7-4668-BE54-9A1E7A4F7556}") = "TwistFood.Service", "src\TwistFood.Service\TwistFood.Service.csproj", "{2653E4B1-9B02-4B03-9937-957CF2791431}"
EndProject
Project("{9A19103F-16F7-4668-BE54-9A1E7A4F7556}") = "TwistFood.UnitTest", "test\TwistFood.UnitTest\TwistFood.UnitTest.csproj", "{97BF3917-BC6F-4859-B703-724EEE1FEB88}"
EndProject
Project("{9A19103F-16F7-4668-BE54-9A1E7A4F7556}") = "TwistFood.Api", "src\TwistFood.Api\TwistFood.Api.csproj", "{E8469195-F099-488A-937A-789FDF7750DA}"
EndProject
Global
	GlobalSection(SolutionConfigurationPlatforms) = preSolution
		Debug|Any CPU = Debug|Any CPU
		Release|Any CPU = Release|Any CPU
	EndGlobalSection
	GlobalSection(ProjectConfigurationPlatforms) = postSolution
		{C987004F-B13E-4B84-8E79-794A84912D7F}.Debug|Any CPU.ActiveCfg = Debug|Any CPU
		{C987004F-B13E-4B84-8E79-794A84912D7F}.Debug|Any CPU.Build.0 = Debug|Any CPU
		{C987004F-B13E-4B84-8E79-794A84912D7F}.Release|Any CPU.ActiveCfg = Release|Any CPU
		{C987004F-B13E-4B84-8E79-794A84912D7F}.Release|Any CPU.Build.0 = Release|Any CPU
		{D9A886D4-6362-445B-875F-0D8EC0A15D33}.Debug|Any CPU.ActiveCfg = Debug|Any CPU
		{D9A886D4-6362-445B-875F-0D8EC0A15D33}.Debug|Any CPU.Build.0 = Debug|Any CPU
		{D9A886D4-6362-445B-875F-0D8EC0A15D33}.Release|Any CPU.ActiveCfg = Release|Any CPU
		{D9A886D4-6362-445B-875F-0D8EC0A15D33}.Release|Any CPU.Build.0 = Release|Any CPU
		{2653E4B1-9B02-4B03-9937-957CF2791431}.Debug|Any CPU.ActiveCfg = Debug|Any CPU
		{2653E4B1-9B02-4B03-9937-957CF2791431}.Debug|Any CPU.Build.0 = Debug|Any CPU
		{2653E4B1-9B02-4B03-9937-957CF2791431}.Release|Any CPU.ActiveCfg = Release|Any CPU
		{2653E4B1-9B02-4B03-9937-957CF2791431}.Release|Any CPU.Build.0 = Release|Any CPU
		{97BF3917-BC6F-4859-B703-724EEE1FEB88}.Debug|Any CPU.ActiveCfg = Debug|Any CPU
		{97BF3917-BC6F-4859-B703-724EEE1FEB88}.Debug|Any CPU.Build.0 = Debug|Any CPU
		{97BF3917-BC6F-4859-B703-724EEE1FEB88}.Release|Any CPU.ActiveCfg = Release|Any CPU
		{97BF3917-BC6F-4859-B703-724EEE1FEB88}.Release|Any CPU.Build.0 = Release|Any CPU
		{E8469195-F099-488A-937A-789FDF7750DA}.Debug|Any CPU.ActiveCfg = Debug|Any CPU
		{E8469195-F099-488A-937A-789FDF7750DA}.Debug|Any CPU.Build.0 = Debug|Any CPU
		{E8469195-F099-488A-937A-789FDF7750DA}.Release|Any CPU.ActiveCfg = Release|Any CPU
		{E8469195-F099-488A-937A-789FDF7750DA}.Release|Any CPU.Build.0 = Release|Any CPU
	EndGlobalSection
	GlobalSection(SolutionProperties) = preSolution
		HideSolutionNode = FALSE
	EndGlobalSection
	GlobalSection(NestedProjects) = preSolution
		{C987004F-B13E-4B84-8E79-794A84912D7F} = {F844247A-E5E8-4BB5-BB11-116786B6116E}
		{D9A886D4-6362-445B-875F-0D8EC0A15D33} = {F844247A-E5E8-4BB5-BB11-116786B6116E}
		{2653E4B1-9B02-4B03-9937-957CF2791431} = {F844247A-E5E8-4BB5-BB11-116786B6116E}
		{97BF3917-BC6F-4859-B703-724EEE1FEB88} = {99E93EBD-36F0-4A6F-A607-C392DCE3CE1C}
		{E8469195-F099-488A-937A-789FDF7750DA} = {F844247A-E5E8-4BB5-BB11-116786B6116E}
	EndGlobalSection
	GlobalSection(ExtensibilityGlobals) = postSolution
		SolutionGuid = {6B8ABF37-3E35-4B81-A32F-C38904DD4F14}
	EndGlobalSection
EndGlobal
